
Microsoft Visual Studio Solution File, Format Version 12.00
# Visual Studio Version 17
VisualStudioVersion = 17.13.35806.99 d17.13
MinimumVisualStudioVersion = 10.0.40219.1
Project("{FAE04EC0-301F-11D3-BF4B-00C04F79EFBC}") = "Uno Flip!", "Uno Flip!\Uno Flip!.csproj", "{2FC20B52-AE7E-44D1-9F18-3E8447C780FD}"
EndProject
Global
	GlobalSection(SolutionConfigurationPlatforms) = preSolution
		Debug|Any CPU = Debug|Any CPU
		Release|Any CPU = Release|Any CPU
	EndGlobalSection
	GlobalSection(ProjectConfigurationPlatforms) = postSolution
		{2FC20B52-AE7E-44D1-9F18-3E8447C780FD}.Debug|Any CPU.ActiveCfg = Debug|Any CPU
		{2FC20B52-AE7E-44D1-9F18-3E8447C780FD}.Debug|Any CPU.Build.0 = Debug|Any CPU
		{2FC20B52-AE7E-44D1-9F18-3E8447C780FD}.Release|Any CPU.ActiveCfg = Release|Any CPU
		{2FC20B52-AE7E-44D1-9F18-3E8447C780FD}.Release|Any CPU.Build.0 = Release|Any CPU
	EndGlobalSection
	GlobalSection(SolutionProperties) = preSolution
		HideSolutionNode = FALSE
	EndGlobalSection
	GlobalSection(ExtensibilityGlobals) = postSolution
		SolutionGuid = {5BE6D080-5E1F-4B26-BDE3-C4A412E69C0D}
	EndGlobalSection
EndGlobal
